
Microsoft Visual Studio Solution File, Format Version 12.00
# Visual Studio 2013
VisualStudioVersion = 12.0.31101.0
MinimumVisualStudioVersion = 10.0.40219.1
Project("{8BC9CEB8-8B4A-11D0-8D11-00A0C91BC942}") = "2015.4.11 개별과제 1 32152661 오동건", "2015.4.11 개별과제 1 32152661 오동건\2015.4.11 개별과제 1 32152661 오동건.vcxproj", "{BC905B96-39F0-491B-81B1-4DFA68CEDFC2}"
EndProject
Global
	GlobalSection(SolutionConfigurationPlatforms) = preSolution
		Debug|Win32 = Debug|Win32
		Release|Win32 = Release|Win32
	EndGlobalSection
	GlobalSection(ProjectConfigurationPlatforms) = postSolution
		{BC905B96-39F0-491B-81B1-4DFA68CEDFC2}.Debug|Win32.ActiveCfg = Debug|Win32
		{BC905B96-39F0-491B-81B1-4DFA68CEDFC2}.Debug|Win32.Build.0 = Debug|Win32
		{BC905B96-39F0-491B-81B1-4DFA68CEDFC2}.Release|Win32.ActiveCfg = Release|Win32
		{BC905B96-39F0-491B-81B1-4DFA68CEDFC2}.Release|Win32.Build.0 = Release|Win32
	EndGlobalSection
	GlobalSection(SolutionProperties) = preSolution
		HideSolutionNode = FALSE
	EndGlobalSection
EndGlobal
