
Microsoft Visual Studio Solution File, Format Version 12.00
# Visual Studio 2013
VisualStudioVersion = 12.0.31101.0
MinimumVisualStudioVersion = 10.0.40219.1
Project("{8BC9CEB8-8B4A-11D0-8D11-00A0C91BC942}") = "2015.3.29 과제 3 32152661 오동건", "2015.3.29 과제 3 32152661 오동건\2015.3.29 과제 3 32152661 오동건.vcxproj", "{5F8952B6-6A55-46EA-B93E-A5160D913A3B}"
EndProject
Global
	GlobalSection(SolutionConfigurationPlatforms) = preSolution
		Debug|Win32 = Debug|Win32
		Release|Win32 = Release|Win32
	EndGlobalSection
	GlobalSection(ProjectConfigurationPlatforms) = postSolution
		{5F8952B6-6A55-46EA-B93E-A5160D913A3B}.Debug|Win32.ActiveCfg = Debug|Win32
		{5F8952B6-6A55-46EA-B93E-A5160D913A3B}.Debug|Win32.Build.0 = Debug|Win32
		{5F8952B6-6A55-46EA-B93E-A5160D913A3B}.Release|Win32.ActiveCfg = Release|Win32
		{5F8952B6-6A55-46EA-B93E-A5160D913A3B}.Release|Win32.Build.0 = Release|Win32
	EndGlobalSection
	GlobalSection(SolutionProperties) = preSolution
		HideSolutionNode = FALSE
	EndGlobalSection
EndGlobal
