
Microsoft Visual Studio Solution File, Format Version 12.00
# Visual Studio 2013
VisualStudioVersion = 12.0.31101.0
MinimumVisualStudioVersion = 10.0.40219.1
Project("{8BC9CEB8-8B4A-11D0-8D11-00A0C91BC942}") = "스터디 수업 4.27", "스터디 수업 4.27\스터디 수업 4.27.vcxproj", "{646C549D-475B-49D7-9D81-39A83369ADFF}"
EndProject
Global
	GlobalSection(SolutionConfigurationPlatforms) = preSolution
		Debug|Win32 = Debug|Win32
		Release|Win32 = Release|Win32
	EndGlobalSection
	GlobalSection(ProjectConfigurationPlatforms) = postSolution
		{646C549D-475B-49D7-9D81-39A83369ADFF}.Debug|Win32.ActiveCfg = Debug|Win32
		{646C549D-475B-49D7-9D81-39A83369ADFF}.Debug|Win32.Build.0 = Debug|Win32
		{646C549D-475B-49D7-9D81-39A83369ADFF}.Release|Win32.ActiveCfg = Release|Win32
		{646C549D-475B-49D7-9D81-39A83369ADFF}.Release|Win32.Build.0 = Release|Win32
	EndGlobalSection
	GlobalSection(SolutionProperties) = preSolution
		HideSolutionNode = FALSE
	EndGlobalSection
EndGlobal
